
Microsoft Visual Studio Solution File, Format Version 12.00
# Visual Studio 14
VisualStudioVersion = 14.0.24720.0
MinimumVisualStudioVersion = 10.0.40219.1
Project("{FAE04EC0-301F-11D3-BF4B-00C04F79EFBC}") = "ModularAudioSharp", "ModularAudioSharp\ModularAudioSharp.csproj", "{D85A2CE6-98B5-49FB-A2ED-7D7140DF7024}"
EndProject
Project("{FAE04EC0-301F-11D3-BF4B-00C04F79EFBC}") = "ModularAudioSharpSampleApp", "ModularAudioSharpTestDriver\ModularAudioSharpSampleApp.csproj", "{05C9F138-F5C0-4267-B1B9-F7729A31E637}"
EndProject
Project("{FAE04EC0-301F-11D3-BF4B-00C04F79EFBC}") = "ModularAudioSharpTest", "ModularAudioSharpTest\ModularAudioSharpTest.csproj", "{941CB150-7E3B-4CDE-82E4-8C7B22E13887}"
EndProject
Project("{FAE04EC0-301F-11D3-BF4B-00C04F79EFBC}") = "Moddl", "Moddl\Moddl.csproj", "{AAB9E658-5BF9-49B4-9B8E-49E7CC71551B}"
EndProject
Project("{FAE04EC0-301F-11D3-BF4B-00C04F79EFBC}") = "ModdlTest", "ModdlTest\ModdlTest.csproj", "{406C3445-4AC3-4271-98C0-51CFEA83279A}"
EndProject
Global
	GlobalSection(Performance) = preSolution
		HasPerformanceSessions = true
	EndGlobalSection
	GlobalSection(SolutionConfigurationPlatforms) = preSolution
		Debug|Any CPU = Debug|Any CPU
		Release|Any CPU = Release|Any CPU
	EndGlobalSection
	GlobalSection(ProjectConfigurationPlatforms) = postSolution
		{D85A2CE6-98B5-49FB-A2ED-7D7140DF7024}.Debug|Any CPU.ActiveCfg = Debug|Any CPU
		{D85A2CE6-98B5-49FB-A2ED-7D7140DF7024}.Debug|Any CPU.Build.0 = Debug|Any CPU
		{D85A2CE6-98B5-49FB-A2ED-7D7140DF7024}.Release|Any CPU.ActiveCfg = Release|Any CPU
		{D85A2CE6-98B5-49FB-A2ED-7D7140DF7024}.Release|Any CPU.Build.0 = Release|Any CPU
		{05C9F138-F5C0-4267-B1B9-F7729A31E637}.Debug|Any CPU.ActiveCfg = Debug|Any CPU
		{05C9F138-F5C0-4267-B1B9-F7729A31E637}.Debug|Any CPU.Build.0 = Debug|Any CPU
		{05C9F138-F5C0-4267-B1B9-F7729A31E637}.Release|Any CPU.ActiveCfg = Release|Any CPU
		{05C9F138-F5C0-4267-B1B9-F7729A31E637}.Release|Any CPU.Build.0 = Release|Any CPU
		{941CB150-7E3B-4CDE-82E4-8C7B22E13887}.Debug|Any CPU.ActiveCfg = Debug|Any CPU
		{941CB150-7E3B-4CDE-82E4-8C7B22E13887}.Debug|Any CPU.Build.0 = Debug|Any CPU
		{941CB150-7E3B-4CDE-82E4-8C7B22E13887}.Release|Any CPU.ActiveCfg = Release|Any CPU
		{941CB150-7E3B-4CDE-82E4-8C7B22E13887}.Release|Any CPU.Build.0 = Release|Any CPU
		{AAB9E658-5BF9-49B4-9B8E-49E7CC71551B}.Debug|Any CPU.ActiveCfg = Debug|Any CPU
		{AAB9E658-5BF9-49B4-9B8E-49E7CC71551B}.Debug|Any CPU.Build.0 = Debug|Any CPU
		{AAB9E658-5BF9-49B4-9B8E-49E7CC71551B}.Release|Any CPU.ActiveCfg = Release|Any CPU
		{AAB9E658-5BF9-49B4-9B8E-49E7CC71551B}.Release|Any CPU.Build.0 = Release|Any CPU
		{406C3445-4AC3-4271-98C0-51CFEA83279A}.Debug|Any CPU.ActiveCfg = Debug|Any CPU
		{406C3445-4AC3-4271-98C0-51CFEA83279A}.Debug|Any CPU.Build.0 = Debug|Any CPU
		{406C3445-4AC3-4271-98C0-51CFEA83279A}.Release|Any CPU.ActiveCfg = Release|Any CPU
		{406C3445-4AC3-4271-98C0-51CFEA83279A}.Release|Any CPU.Build.0 = Release|Any CPU
	EndGlobalSection
	GlobalSection(SolutionProperties) = preSolution
		HideSolutionNode = FALSE
	EndGlobalSection
EndGlobal
